// !$*UTF8*$!
{
	archiveVersion = 1;
	classes = {
	};
	objectVersion = 55;
	objects = {

/* Begin PBXBuildFile section */
		4018715A27E9D7AB00579F7A /* HoursCollectionViewCell.swift in Sources */ = {isa = PBXBuildFile; fileRef = 4018715927E9D7AB00579F7A /* HoursCollectionViewCell.swift */; };
		404284AE27EA13DD002A304A /* ChangeCityViewController.swift in Sources */ = {isa = PBXBuildFile; fileRef = 404284AD27EA13DD002A304A /* ChangeCityViewController.swift */; };
		404284B027EA1618002A304A /* cityTableViewCell.swift in Sources */ = {isa = PBXBuildFile; fileRef = 404284AF27EA1618002A304A /* cityTableViewCell.swift */; };
		404284B227EA5475002A304A /* Notifications.swift in Sources */ = {isa = PBXBuildFile; fileRef = 404284B127EA5475002A304A /* Notifications.swift */; };
		405E10C527E5F3B000F3EAC2 /* AppDelegate.swift in Sources */ = {isa = PBXBuildFile; fileRef = 405E10C427E5F3B000F3EAC2 /* AppDelegate.swift */; };
		405E10C727E5F3B000F3EAC2 /* SceneDelegate.swift in Sources */ = {isa = PBXBuildFile; fileRef = 405E10C627E5F3B000F3EAC2 /* SceneDelegate.swift */; };
		405E10C927E5F3B000F3EAC2 /* MainViewController.swift in Sources */ = {isa = PBXBuildFile; fileRef = 405E10C827E5F3B000F3EAC2 /* MainViewController.swift */; };
		405E10CC27E5F3B000F3EAC2 /* Main.storyboard in Resources */ = {isa = PBXBuildFile; fileRef = 405E10CA27E5F3B000F3EAC2 /* Main.storyboard */; };
		405E10CE27E5F3B100F3EAC2 /* Assets.xcassets in Resources */ = {isa = PBXBuildFile; fileRef = 405E10CD27E5F3B100F3EAC2 /* Assets.xcassets */; };
		405E10D127E5F3B100F3EAC2 /* LaunchScreen.storyboard in Resources */ = {isa = PBXBuildFile; fileRef = 405E10CF27E5F3B100F3EAC2 /* LaunchScreen.storyboard */; };
		405E10D927E6010400F3EAC2 /* SettingsViewController.swift in Sources */ = {isa = PBXBuildFile; fileRef = 405E10D827E6010400F3EAC2 /* SettingsViewController.swift */; };
		405E10E227E603A100F3EAC2 /* DaysCollectionViewCell.swift in Sources */ = {isa = PBXBuildFile; fileRef = 405E10E127E603A100F3EAC2 /* DaysCollectionViewCell.swift */; };
		405E10E427E63DB700F3EAC2 /* Manager.swift in Sources */ = {isa = PBXBuildFile; fileRef = 405E10E327E63DB700F3EAC2 /* Manager.swift */; };
		405E10E827E63E7500F3EAC2 /* CurrentWeather.swift in Sources */ = {isa = PBXBuildFile; fileRef = 405E10E727E63E7500F3EAC2 /* CurrentWeather.swift */; };
		40A7765527EF1B0D00C1988F /* LoadingViewController.swift in Sources */ = {isa = PBXBuildFile; fileRef = 40A7765427EF1B0D00C1988F /* LoadingViewController.swift */; };
/* End PBXBuildFile section */

/* Begin PBXFileReference section */
		4018715927E9D7AB00579F7A /* HoursCollectionViewCell.swift */ = {isa = PBXFileReference; lastKnownFileType = sourcecode.swift; path = HoursCollectionViewCell.swift; sourceTree = "<group>"; };
		404284AD27EA13DD002A304A /* ChangeCityViewController.swift */ = {isa = PBXFileReference; lastKnownFileType = sourcecode.swift; path = ChangeCityViewController.swift; sourceTree = "<group>"; };
		404284AF27EA1618002A304A /* cityTableViewCell.swift */ = {isa = PBXFileReference; lastKnownFileType = sourcecode.swift; path = cityTableViewCell.swift; sourceTree = "<group>"; };
		404284B127EA5475002A304A /* Notifications.swift */ = {isa = PBXFileReference; lastKnownFileType = sourcecode.swift; path = Notifications.swift; sourceTree = "<group>"; };
		405E10C127E5F3B000F3EAC2 /* WeatherApp.app */ = {isa = PBXFileReference; explicitFileType = wrapper.application; includeInIndex = 0; path = WeatherApp.app; sourceTree = BUILT_PRODUCTS_DIR; };
		405E10C427E5F3B000F3EAC2 /* AppDelegate.swift */ = {isa = PBXFileReference; lastKnownFileType = sourcecode.swift; path = AppDelegate.swift; sourceTree = "<group>"; };
		405E10C627E5F3B000F3EAC2 /* SceneDelegate.swift */ = {isa = PBXFileReference; lastKnownFileType = sourcecode.swift; path = SceneDelegate.swift; sourceTree = "<group>"; };
		405E10C827E5F3B000F3EAC2 /* MainViewController.swift */ = {isa = PBXFileReference; lastKnownFileType = sourcecode.swift; path = MainViewController.swift; sourceTree = "<group>"; };
		405E10CB27E5F3B000F3EAC2 /* Base */ = {isa = PBXFileReference; lastKnownFileType = file.storyboard; name = Base; path = Base.lproj/Main.storyboard; sourceTree = "<group>"; };
		405E10CD27E5F3B100F3EAC2 /* Assets.xcassets */ = {isa = PBXFileReference; lastKnownFileType = folder.assetcatalog; path = Assets.xcassets; sourceTree = "<group>"; };
		405E10D027E5F3B100F3EAC2 /* Base */ = {isa = PBXFileReference; lastKnownFileType = file.storyboard; name = Base; path = Base.lproj/LaunchScreen.storyboard; sourceTree = "<group>"; };
		405E10D227E5F3B100F3EAC2 /* Info.plist */ = {isa = PBXFileReference; lastKnownFileType = text.plist.xml; path = Info.plist; sourceTree = "<group>"; };
		405E10D827E6010400F3EAC2 /* SettingsViewController.swift */ = {isa = PBXFileReference; lastKnownFileType = sourcecode.swift; path = SettingsViewController.swift; sourceTree = "<group>"; };
		405E10E127E603A100F3EAC2 /* DaysCollectionViewCell.swift */ = {isa = PBXFileReference; lastKnownFileType = sourcecode.swift; path = DaysCollectionViewCell.swift; sourceTree = "<group>"; };
		405E10E327E63DB700F3EAC2 /* Manager.swift */ = {isa = PBXFileReference; lastKnownFileType = sourcecode.swift; path = Manager.swift; sourceTree = "<group>"; };
		405E10E727E63E7500F3EAC2 /* CurrentWeather.swift */ = {isa = PBXFileReference; lastKnownFileType = sourcecode.swift; path = CurrentWeather.swift; sourceTree = "<group>"; };
		40A7765427EF1B0D00C1988F /* LoadingViewController.swift */ = {isa = PBXFileReference; lastKnownFileType = sourcecode.swift; path = LoadingViewController.swift; sourceTree = "<group>"; };
/* End PBXFileReference section */

/* Begin PBXFrameworksBuildPhase section */
		405E10BE27E5F3B000F3EAC2 /* Frameworks */ = {
			isa = PBXFrameworksBuildPhase;
			buildActionMask = 2147483647;
			files = (
			);
			runOnlyForDeploymentPostprocessing = 0;
		};
/* End PBXFrameworksBuildPhase section */

/* Begin PBXGroup section */
		405E10B827E5F3B000F3EAC2 = {
			isa = PBXGroup;
			children = (
				405E10C327E5F3B000F3EAC2 /* WeatherApp */,
				405E10C227E5F3B000F3EAC2 /* Products */,
			);
			sourceTree = "<group>";
		};
		405E10C227E5F3B000F3EAC2 /* Products */ = {
			isa = PBXGroup;
			children = (
				405E10C127E5F3B000F3EAC2 /* WeatherApp.app */,
			);
			name = Products;
			sourceTree = "<group>";
		};
		405E10C327E5F3B000F3EAC2 /* WeatherApp */ = {
			isa = PBXGroup;
			children = (
				405E10DE27E6036A00F3EAC2 /* Cells */,
				405E10DB27E6014A00F3EAC2 /* Models */,
				405E10DA27E6010C00F3EAC2 /* Controllers */,
				405E10C427E5F3B000F3EAC2 /* AppDelegate.swift */,
				405E10C627E5F3B000F3EAC2 /* SceneDelegate.swift */,
				405E10CA27E5F3B000F3EAC2 /* Main.storyboard */,
				405E10CD27E5F3B100F3EAC2 /* Assets.xcassets */,
				405E10CF27E5F3B100F3EAC2 /* LaunchScreen.storyboard */,
				405E10D227E5F3B100F3EAC2 /* Info.plist */,
				405E10E327E63DB700F3EAC2 /* Manager.swift */,
			);
			path = WeatherApp;
			sourceTree = "<group>";
		};
		405E10DA27E6010C00F3EAC2 /* Controllers */ = {
			isa = PBXGroup;
			children = (
				405E10C827E5F3B000F3EAC2 /* MainViewController.swift */,
				405E10D827E6010400F3EAC2 /* SettingsViewController.swift */,
				404284AD27EA13DD002A304A /* ChangeCityViewController.swift */,
				404284B127EA5475002A304A /* Notifications.swift */,
				40A7765427EF1B0D00C1988F /* LoadingViewController.swift */,
			);
			path = Controllers;
			sourceTree = "<group>";
		};
		405E10DB27E6014A00F3EAC2 /* Models */ = {
			isa = PBXGroup;
			children = (
				405E10E727E63E7500F3EAC2 /* CurrentWeather.swift */,
			);
			path = Models;
			sourceTree = "<group>";
		};
		405E10DE27E6036A00F3EAC2 /* Cells */ = {
			isa = PBXGroup;
			children = (
				405E10E127E603A100F3EAC2 /* DaysCollectionViewCell.swift */,
				4018715927E9D7AB00579F7A /* HoursCollectionViewCell.swift */,
				404284AF27EA1618002A304A /* cityTableViewCell.swift */,
			);
			path = Cells;
			sourceTree = "<group>";
		};
/* End PBXGroup section */

/* Begin PBXNativeTarget section */
		405E10C027E5F3B000F3EAC2 /* WeatherApp */ = {
			isa = PBXNativeTarget;
			buildConfigurationList = 405E10D527E5F3B100F3EAC2 /* Build configuration list for PBXNativeTarget "WeatherApp" */;
			buildPhases = (
				405E10BD27E5F3B000F3EAC2 /* Sources */,
				405E10BE27E5F3B000F3EAC2 /* Frameworks */,
				405E10BF27E5F3B000F3EAC2 /* Resources */,
			);
			buildRules = (
			);
			dependencies = (
			);
			name = WeatherApp;
			productName = WeatherApp;
			productReference = 405E10C127E5F3B000F3EAC2 /* WeatherApp.app */;
			productType = "com.apple.product-type.application";
		};
/* End PBXNativeTarget section */

/* Begin PBXProject section */
		405E10B927E5F3B000F3EAC2 /* Project object */ = {
			isa = PBXProject;
			attributes = {
				BuildIndependentTargetsInParallel = 1;
				LastSwiftUpdateCheck = 1320;
				LastUpgradeCheck = 1320;
				TargetAttributes = {
					405E10C027E5F3B000F3EAC2 = {
						CreatedOnToolsVersion = 13.2.1;
					};
				};
			};
			buildConfigurationList = 405E10BC27E5F3B000F3EAC2 /* Build configuration list for PBXProject "WeatherApp" */;
			compatibilityVersion = "Xcode 13.0";
			developmentRegion = en;
			hasScannedForEncodings = 0;
			knownRegions = (
				en,
				Base,
			);
			mainGroup = 405E10B827E5F3B000F3EAC2;
			productRefGroup = 405E10C227E5F3B000F3EAC2 /* Products */;
			projectDirPath = "";
			projectRoot = "";
			targets = (
				405E10C027E5F3B000F3EAC2 /* WeatherApp */,
			);
		};
/* End PBXProject section */

/* Begin PBXResourcesBuildPhase section */
		405E10BF27E5F3B000F3EAC2 /* Resources */ = {
			isa = PBXResourcesBuildPhase;
			buildActionMask = 2147483647;
			files = (
				405E10D127E5F3B100F3EAC2 /* LaunchScreen.storyboard in Resources */,
				405E10CE27E5F3B100F3EAC2 /* Assets.xcassets in Resources */,
				405E10CC27E5F3B000F3EAC2 /* Main.storyboard in Resources */,
			);
			runOnlyForDeploymentPostprocessing = 0;
		};
/* End PBXResourcesBuildPhase section */

/* Begin PBXSourcesBuildPhase section */
		405E10BD27E5F3B000F3EAC2 /* Sources */ = {
			isa = PBXSourcesBuildPhase;
			buildActionMask = 2147483647;
			files = (
				404284B227EA5475002A304A /* Notifications.swift in Sources */,
				405E10C927E5F3B000F3EAC2 /* MainViewController.swift in Sources */,
				404284B027EA1618002A304A /* cityTableViewCell.swift in Sources */,
				405E10C527E5F3B000F3EAC2 /* AppDelegate.swift in Sources */,
				405E10E827E63E7500F3EAC2 /* CurrentWeather.swift in Sources */,
				404284AE27EA13DD002A304A /* ChangeCityViewController.swift in Sources */,
				4018715A27E9D7AB00579F7A /* HoursCollectionViewCell.swift in Sources */,
				405E10C727E5F3B000F3EAC2 /* SceneDelegate.swift in Sources */,
				405E10E227E603A100F3EAC2 /* DaysCollectionViewCell.swift in Sources */,
				405E10E427E63DB700F3EAC2 /* Manager.swift in Sources */,
				405E10D927E6010400F3EAC2 /* SettingsViewController.swift in Sources */,
				40A7765527EF1B0D00C1988F /* LoadingViewController.swift in Sources */,
			);
			runOnlyForDeploymentPostprocessing = 0;
		};
/* End PBXSourcesBuildPhase section */

/* Begin PBXVariantGroup section */
		405E10CA27E5F3B000F3EAC2 /* Main.storyboard */ = {
			isa = PBXVariantGroup;
			children = (
				405E10CB27E5F3B000F3EAC2 /* Base */,
			);
			name = Main.storyboard;
			sourceTree = "<group>";
		};
		405E10CF27E5F3B100F3EAC2 /* LaunchScreen.storyboard */ = {
			isa = PBXVariantGroup;
			children = (
				405E10D027E5F3B100F3EAC2 /* Base */,
			);
			name = LaunchScreen.storyboard;
			sourceTree = "<group>";
		};
/* End PBXVariantGroup section */

/* Begin XCBuildConfiguration section */
		405E10D327E5F3B100F3EAC2 /* Debug */ = {
			isa = XCBuildConfiguration;
			buildSettings = {
				ALWAYS_SEARCH_USER_PATHS = NO;
				CLANG_ANALYZER_NONNULL = YES;
				CLANG_ANALYZER_NUMBER_OBJECT_CONVERSION = YES_AGGRESSIVE;
				CLANG_CXX_LANGUAGE_STANDARD = "gnu++17";
				CLANG_CXX_LIBRARY = "libc++";
				CLANG_ENABLE_MODULES = YES;
				CLANG_ENABLE_OBJC_ARC = YES;
				CLANG_ENABLE_OBJC_WEAK = YES;
				CLANG_WARN_BLOCK_CAPTURE_AUTORELEASING = YES;
				CLANG_WARN_BOOL_CONVERSION = YES;
				CLANG_WARN_COMMA = YES;
				CLANG_WARN_CONSTANT_CONVERSION = YES;
				CLANG_WARN_DEPRECATED_OBJC_IMPLEMENTATIONS = YES;
				CLANG_WARN_DIRECT_OBJC_ISA_USAGE = YES_ERROR;
				CLANG_WARN_DOCUMENTATION_COMMENTS = YES;
				CLANG_WARN_EMPTY_BODY = YES;
				CLANG_WARN_ENUM_CONVERSION = YES;
				CLANG_WARN_INFINITE_RECURSION = YES;
				CLANG_WARN_INT_CONVERSION = YES;
				CLANG_WARN_NON_LITERAL_NULL_CONVERSION = YES;
				CLANG_WARN_OBJC_IMPLICIT_RETAIN_SELF = YES;
				CLANG_WARN_OBJC_LITERAL_CONVERSION = YES;
				CLANG_WARN_OBJC_ROOT_CLASS = YES_ERROR;
				CLANG_WARN_QUOTED_INCLUDE_IN_FRAMEWORK_HEADER = YES;
				CLANG_WARN_RANGE_LOOP_ANALYSIS = YES;
				CLANG_WARN_STRICT_PROTOTYPES = YES;
				CLANG_WARN_SUSPICIOUS_MOVE = YES;
				CLANG_WARN_UNGUARDED_AVAILABILITY = YES_AGGRESSIVE;
				CLANG_WARN_UNREACHABLE_CODE = YES;
				CLANG_WARN__DUPLICATE_METHOD_MATCH = YES;
				COPY_PHASE_STRIP = NO;
				DEBUG_INFORMATION_FORMAT = dwarf;
				ENABLE_STRICT_OBJC_MSGSEND = YES;
				ENABLE_TESTABILITY = YES;
				GCC_C_LANGUAGE_STANDARD = gnu11;
				GCC_DYNAMIC_NO_PIC = NO;
				GCC_NO_COMMON_BLOCKS = YES;
				GCC_OPTIMIZATION_LEVEL = 0;
				GCC_PREPROCESSOR_DEFINITIONS = (
					"DEBUG=1",
					"$(inherited)",
				);
				GCC_WARN_64_TO_32_BIT_CONVERSION = YES;
				GCC_WARN_ABOUT_RETURN_TYPE = YES_ERROR;
				GCC_WARN_UNDECLARED_SELECTOR = YES;
				GCC_WARN_UNINITIALIZED_AUTOS = YES_AGGRESSIVE;
				GCC_WARN_UNUSED_FUNCTION = YES;
				GCC_WARN_UNUSED_VARIABLE = YES;
				IPHONEOS_DEPLOYMENT_TARGET = 15.2;
				MTL_ENABLE_DEBUG_INFO = INCLUDE_SOURCE;
				MTL_FAST_MATH = YES;
				ONLY_ACTIVE_ARCH = YES;
				SDKROOT = iphoneos;
				SWIFT_ACTIVE_COMPILATION_CONDITIONS = DEBUG;
				SWIFT_OPTIMIZATION_LEVEL = "-Onone";
			};
			name = Debug;
		};
		405E10D427E5F3B100F3EAC2 /* Release */ = {
			isa = XCBuildConfiguration;
			buildSettings = {
				ALWAYS_SEARCH_USER_PATHS = NO;
				CLANG_ANALYZER_NONNULL = YES;
				CLANG_ANALYZER_NUMBER_OBJECT_CONVERSION = YES_AGGRESSIVE;
				CLANG_CXX_LANGUAGE_STANDARD = "gnu++17";
				CLANG_CXX_LIBRARY = "libc++";
				CLANG_ENABLE_MODULES = YES;
				CLANG_ENABLE_OBJC_ARC = YES;
				CLANG_ENABLE_OBJC_WEAK = YES;
				CLANG_WARN_BLOCK_CAPTURE_AUTORELEASING = YES;
				CLANG_WARN_BOOL_CONVERSION = YES;
				CLANG_WARN_COMMA = YES;
				CLANG_WARN_CONSTANT_CONVERSION = YES;
				CLANG_WARN_DEPRECATED_OBJC_IMPLEMENTATIONS = YES;
				CLANG_WARN_DIRECT_OBJC_ISA_USAGE = YES_ERROR;
				CLANG_WARN_DOCUMENTATION_COMMENTS = YES;
				CLANG_WARN_EMPTY_BODY = YES;
				CLANG_WARN_ENUM_CONVERSION = YES;
				CLANG_WARN_INFINITE_RECURSION = YES;
				CLANG_WARN_INT_CONVERSION = YES;
				CLANG_WARN_NON_LITERAL_NULL_CONVERSION = YES;
				CLANG_WARN_OBJC_IMPLICIT_RETAIN_SELF = YES;
				CLANG_WARN_OBJC_LITERAL_CONVERSION = YES;
				CLANG_WARN_OBJC_ROOT_CLASS = YES_ERROR;
				CLANG_WARN_QUOTED_INCLUDE_IN_FRAMEWORK_HEADER = YES;
				CLANG_WARN_RANGE_LOOP_ANALYSIS = YES;
				CLANG_WARN_STRICT_PROTOTYPES = YES;
				CLANG_WARN_SUSPICIOUS_MOVE = YES;
				CLANG_WARN_UNGUARDED_AVAILABILITY = YES_AGGRESSIVE;
				CLANG_WARN_UNREACHABLE_CODE = YES;
				CLANG_WARN__DUPLICATE_METHOD_MATCH = YES;
				COPY_PHASE_STRIP = NO;
				DEBUG_INFORMATION_FORMAT = "dwarf-with-dsym";
				ENABLE_NS_ASSERTIONS = NO;
				ENABLE_STRICT_OBJC_MSGSEND = YES;
				GCC_C_LANGUAGE_STANDARD = gnu11;
				GCC_NO_COMMON_BLOCKS = YES;
				GCC_WARN_64_TO_32_BIT_CONVERSION = YES;
				GCC_WARN_ABOUT_RETURN_TYPE = YES_ERROR;
				GCC_WARN_UNDECLARED_SELECTOR = YES;
				GCC_WARN_UNINITIALIZED_AUTOS = YES_AGGRESSIVE;
				GCC_WARN_UNUSED_FUNCTION = YES;
				GCC_WARN_UNUSED_VARIABLE = YES;
				IPHONEOS_DEPLOYMENT_TARGET = 15.2;
				MTL_ENABLE_DEBUG_INFO = NO;
				MTL_FAST_MATH = YES;
				SDKROOT = iphoneos;
				SWIFT_COMPILATION_MODE = wholemodule;
				SWIFT_OPTIMIZATION_LEVEL = "-O";
				VALIDATE_PRODUCT = YES;
			};
			name = Release;
		};
		405E10D627E5F3B100F3EAC2 /* Debug */ = {
			isa = XCBuildConfiguration;
			buildSettings = {
				ASSETCATALOG_COMPILER_APPICON_NAME = AppIcon;
				ASSETCATALOG_COMPILER_GLOBAL_ACCENT_COLOR_NAME = AccentColor;
				CODE_SIGN_STYLE = Automatic;
				CURRENT_PROJECT_VERSION = 1;
				DEVELOPMENT_TEAM = H6466NBM9Y;
				GENERATE_INFOPLIST_FILE = YES;
				INFOPLIST_FILE = WeatherApp/Info.plist;
				INFOPLIST_KEY_UIApplicationSupportsIndirectInputEvents = YES;
				INFOPLIST_KEY_UILaunchStoryboardName = LaunchScreen;
				INFOPLIST_KEY_UIMainStoryboardFile = Main;
				INFOPLIST_KEY_UISupportedInterfaceOrientations_iPad = "UIInterfaceOrientationPortrait UIInterfaceOrientationPortraitUpsideDown UIInterfaceOrientationLandscapeLeft UIInterfaceOrientationLandscapeRight";
				INFOPLIST_KEY_UISupportedInterfaceOrientations_iPhone = "UIInterfaceOrientationPortrait UIInterfaceOrientationLandscapeLeft UIInterfaceOrientationLandscapeRight";
				LD_RUNPATH_SEARCH_PATHS = (
					"$(inherited)",
					"@executable_path/Frameworks",
				);
				MARKETING_VERSION = 1.0;
				PRODUCT_BUNDLE_IDENTIFIER = Idk.WeatherApp;
				PRODUCT_NAME = "$(TARGET_NAME)";
				SWIFT_EMIT_LOC_STRINGS = YES;
				SWIFT_VERSION = 5.0;
				TARGETED_DEVICE_FAMILY = "1,2";
			};
			name = Debug;
		};
		405E10D727E5F3B100F3EAC2 /* Release */ = {
			isa = XCBuildConfiguration;
			buildSettings = {
				ASSETCATALOG_COMPILER_APPICON_NAME = AppIcon;
				ASSETCATALOG_COMPILER_GLOBAL_ACCENT_COLOR_NAME = AccentColor;
				CODE_SIGN_STYLE = Automatic;
				CURRENT_PROJECT_VERSION = 1;
				DEVELOPMENT_TEAM = H6466NBM9Y;
				GENERATE_INFOPLIST_FILE = YES;
				INFOPLIST_FILE = WeatherApp/Info.plist;
				INFOPLIST_KEY_UIApplicationSupportsIndirectInputEvents = YES;
				INFOPLIST_KEY_UILaunchStoryboardName = LaunchScreen;
				INFOPLIST_KEY_UIMainStoryboardFile = Main;
				INFOPLIST_KEY_UISupportedInterfaceOrientations_iPad = "UIInterfaceOrientationPortrait UIInterfaceOrientationPortraitUpsideDown UIInterfaceOrientationLandscapeLeft UIInterfaceOrientationLandscapeRight";
				INFOPLIST_KEY_UISupportedInterfaceOrientations_iPhone = "UIInterfaceOrientationPortrait UIInterfaceOrientationLandscapeLeft UIInterfaceOrientationLandscapeRight";
				LD_RUNPATH_SEARCH_PATHS = (
					"$(inherited)",
					"@executable_path/Frameworks",
				);
				MARKETING_VERSION = 1.0;
				PRODUCT_BUNDLE_IDENTIFIER = Idk.WeatherApp;
				PRODUCT_NAME = "$(TARGET_NAME)";
				SWIFT_EMIT_LOC_STRINGS = YES;
				SWIFT_VERSION = 5.0;
				TARGETED_DEVICE_FAMILY = "1,2";
			};
			name = Release;
		};
/* End XCBuildConfiguration section */

/* Begin XCConfigurationList section */
		405E10BC27E5F3B000F3EAC2 /* Build configuration list for PBXProject "WeatherApp" */ = {
			isa = XCConfigurationList;
			buildConfigurations = (
				405E10D327E5F3B100F3EAC2 /* Debug */,
				405E10D427E5F3B100F3EAC2 /* Release */,
			);
			defaultConfigurationIsVisible = 0;
			defaultConfigurationName = Release;
		};
		405E10D527E5F3B100F3EAC2 /* Build configuration list for PBXNativeTarget "WeatherApp" */ = {
			isa = XCConfigurationList;
			buildConfigurations = (
				405E10D627E5F3B100F3EAC2 /* Debug */,
				405E10D727E5F3B100F3EAC2 /* Release */,
			);
			defaultConfigurationIsVisible = 0;
			defaultConfigurationName = Release;
		};
/* End XCConfigurationList section */
	};
	rootObject = 405E10B927E5F3B000F3EAC2 /* Project object */;
}
